
Microsoft Visual Studio Solution File, Format Version 12.00
# Visual Studio Version 17
VisualStudioVersion = 17.14.36212.18 d17.14
MinimumVisualStudioVersion = 10.0.40219.1
Project("{FAE04EC0-301F-11D3-BF4B-00C04F79EFBC}") = "DV_Boats", "DV_Boats\DV_Boats.csproj", "{ADC3FE65-8AF0-4649-AB9D-63382432F592}"
EndProject
Global
	GlobalSection(SolutionConfigurationPlatforms) = preSolution
		Debug|Any CPU = Debug|Any CPU
		Release|Any CPU = Release|Any CPU
	EndGlobalSection
	GlobalSection(ProjectConfigurationPlatforms) = postSolution
		{ADC3FE65-8AF0-4649-AB9D-63382432F592}.Debug|Any CPU.ActiveCfg = Debug|Any CPU
		{ADC3FE65-8AF0-4649-AB9D-63382432F592}.Debug|Any CPU.Build.0 = Debug|Any CPU
		{ADC3FE65-8AF0-4649-AB9D-63382432F592}.Release|Any CPU.ActiveCfg = Release|Any CPU
		{ADC3FE65-8AF0-4649-AB9D-63382432F592}.Release|Any CPU.Build.0 = Release|Any CPU
	EndGlobalSection
	GlobalSection(SolutionProperties) = preSolution
		HideSolutionNode = FALSE
	EndGlobalSection
	GlobalSection(ExtensibilityGlobals) = postSolution
		SolutionGuid = {E48B1C00-C9E0-4BBE-B2C7-6EACEEEFCD5B}
	EndGlobalSection
EndGlobal
